{
  "nodes": {
    "brew-src": {
      "flake": false,
      "locked": {
        "lastModified": 1761551821,
        "narHash": "sha256-N3Zj73TAxclhLGgADbPVwcVrhYIBKUgAxjfQuOXre6s=",
        "owner": "Homebrew",
        "repo": "brew",
        "rev": "8f6719274133c5bcc24c058c5a6bcbb3b0cd48b3",
        "type": "github"
      },
      "original": {
        "owner": "Homebrew",
        "ref": "4.6.19",
        "repo": "brew",
        "type": "github"
      }
    },
    "cone-tap": {
      "flake": false,
      "locked": {
        "lastModified": 1751404322,
        "narHash": "sha256-Ai2dMMihZYELmhHsGNoIxr7ujmqRCb1Q6YixJiv2k64=",
        "owner": "conductorone",
        "repo": "homebrew-cone",
        "rev": "62117ae299579839b83badb1ac597eea5055d4fd",
        "type": "github"
      },
      "original": {
        "owner": "conductorone",
        "repo": "homebrew-cone",
        "type": "github"
      }
    },
    "home-manager": {
      "inputs": {
        "nixpkgs": [
          "nixpkgs"
        ]
      },
      "locked": {
        "lastModified": 1763313531,
        "narHash": "sha256-yvdCYUL85zEDp2NzPUBmaNBXP6KnWEOhAk3j7PTfsKw=",
        "owner": "nix-community",
        "repo": "home-manager",
        "rev": "3670a78eee49deebe4825fc8ecc46b172d1a8391",
        "type": "github"
      },
      "original": {
        "owner": "nix-community",
        "repo": "home-manager",
        "type": "github"
      }
    },
    "homebrew-bundle": {
      "flake": false,
      "locked": {
        "lastModified": 1745335228,
        "narHash": "sha256-TIKR2UgtyUmHLNZp255/vLs+1I10hXe+sciMEbAGFwE=",
        "owner": "homebrew",
        "repo": "homebrew-bundle",
        "rev": "a3265c84b232e13048ecbf6fc18a2eedfadbeb08",
        "type": "github"
      },
      "original": {
        "owner": "homebrew",
        "repo": "homebrew-bundle",
        "type": "github"
      }
    },
    "homebrew-cask": {
      "flake": false,
      "locked": {
        "lastModified": 1763315207,
        "narHash": "sha256-d7QOfbt9putg/EazJMuBJls+GOhWeImOc3eF7COxg+0=",
        "owner": "homebrew",
        "repo": "homebrew-cask",
        "rev": "aee7c56668586ec4236bcb73d0c1fec8b2ea2700",
        "type": "github"
      },
      "original": {
        "owner": "homebrew",
        "repo": "homebrew-cask",
        "type": "github"
      }
    },
    "homebrew-core": {
      "flake": false,
      "locked": {
        "lastModified": 1763316572,
        "narHash": "sha256-MbxObyKBT4HZrhLsbU6HICZzklWCEI+NSP6Gr7Nzh/c=",
        "owner": "homebrew",
        "repo": "homebrew-core",
        "rev": "c99894f2b35ced5dfc1e84986d57c90813cc6850",
        "type": "github"
      },
      "original": {
        "owner": "homebrew",
        "repo": "homebrew-core",
        "type": "github"
      }
    },
    "homebrew-services": {
      "flake": false,
      "locked": {
        "lastModified": 1742475690,
        "narHash": "sha256-qg3/+iHtnFe6VxGapisTatGnoH0XG4BnWWqwwzWYzk0=",
        "owner": "homebrew",
        "repo": "homebrew-services",
        "rev": "2c294ab9515576d961cea28c93148c6452db2def",
        "type": "github"
      },
      "original": {
        "owner": "homebrew",
        "repo": "homebrew-services",
        "type": "github"
      }
    },
    "nikitabobko-tap": {
      "flake": false,
      "locked": {
        "lastModified": 1756592205,
        "narHash": "sha256-AB7c96r/7JgkBubPrlEFz9yaIPdsD7S8JkLVnGtlhAw=",
        "owner": "nikitabobko",
        "repo": "homebrew-tap",
        "rev": "2eff00794112cf73fdefeec27cd9b30abe644408",
        "type": "github"
      },
      "original": {
        "owner": "nikitabobko",
        "repo": "homebrew-tap",
        "type": "github"
      }
    },
    "nix-darwin": {
      "inputs": {
        "nixpkgs": [
          "nixpkgs"
        ]
      },
      "locked": {
        "lastModified": 1763136804,
        "narHash": "sha256-6p2ljK42s0S8zS0UU59EsEqupz0GVCaBYRylpUadeBM=",
        "owner": "LnL7",
        "repo": "nix-darwin",
        "rev": "973db96394513fd90270ea5a1211a82a4a0ba47f",
        "type": "github"
      },
      "original": {
        "owner": "LnL7",
        "repo": "nix-darwin",
        "type": "github"
      }
    },
    "nix-homebrew": {
      "inputs": {
        "brew-src": "brew-src"
      },
      "locked": {
        "lastModified": 1761927470,
        "narHash": "sha256-KsFDGRGD8j1R6TvJ4HkebKsh3HXLY0XazanLrhO3wqE=",
        "owner": "zhaofengli",
        "repo": "nix-homebrew",
        "rev": "3cae36b3a17b09a66435291619dce8cf2c4728ca",
        "type": "github"
      },
      "original": {
        "owner": "zhaofengli",
        "repo": "nix-homebrew",
        "type": "github"
      }
    },
    "nixpkgs": {
      "locked": {
        "lastModified": 1763191728,
        "narHash": "sha256-esRhOS0APE6k40Hs/jjReXg+rx+J5LkWw7cuWFKlwYA=",
        "owner": "NixOS",
        "repo": "nixpkgs",
        "rev": "1d4c88323ac36805d09657d13a5273aea1b34f0c",
        "type": "github"
      },
      "original": {
        "owner": "NixOS",
        "ref": "nixpkgs-unstable",
        "repo": "nixpkgs",
        "type": "github"
      }
    },
    "root": {
      "inputs": {
        "cone-tap": "cone-tap",
        "home-manager": "home-manager",
        "homebrew-bundle": "homebrew-bundle",
        "homebrew-cask": "homebrew-cask",
        "homebrew-core": "homebrew-core",
        "homebrew-services": "homebrew-services",
        "nikitabobko-tap": "nikitabobko-tap",
        "nix-darwin": "nix-darwin",
        "nix-homebrew": "nix-homebrew",
        "nixpkgs": "nixpkgs"
      }
    }
  },
  "root": "root",
  "version": 7
}
